PODS:
  - connectivity_plus (0.0.1):
    - Flutter
    - Reachability
  - device_information (0.0.1):
    - Flutter
  - Flutter (1.0.0)
  - fluttertoast (0.0.2):
    - Flutter
    - Toast
  - internet_speed_test (0.0.1):
    - Flutter
  - Reachability (3.2)
  - Toast (4.0.0)
  - wifi_info_flutter (0.0.1):
    - Flutter

DEPENDENCIES:
  - connectivity_plus (from `.symlinks/plugins/connectivity_plus/ios`)
  - device_information (from `.symlinks/plugins/device_information/ios`)
  - Flutter (from `Flutter`)
  - fluttertoast (from `.symlinks/plugins/fluttertoast/ios`)
  - internet_speed_test (from `.symlinks/plugins/internet_speed_test/ios`)
  - wifi_info_flutter (from `.symlinks/plugins/wifi_info_flutter/ios`)

SPEC REPOS:
  trunk:
    - Reachability
    - Toast

EXTERNAL SOURCES:
  connectivity_plus:
    :path: ".symlinks/plugins/connectivity_plus/ios"
  device_information:
    :path: ".symlinks/plugins/device_information/ios"
  Flutter:
    :path: Flutter
  fluttertoast:
    :path: ".symlinks/plugins/fluttertoast/ios"
  internet_speed_test:
    :path: ".symlinks/plugins/internet_speed_test/ios"
  wifi_info_flutter:
    :path: ".symlinks/plugins/wifi_info_flutter/ios"

SPEC CHECKSUMS:
  connectivity_plus: 5f0eb61093bec56935f21a1699dd2758bc895587
  device_information: d652f6dcea86bdc5300ffd495486de1d5047bf4f
  Flutter: 50d75fe2f02b26cc09d224853bb45737f8b3214a
  fluttertoast: 6122fa75143e992b1d3470f61000f591a798cc58
  internet_speed_test: ab8c9ed9b7b4747c8ebd3f549bdbfa778655fd68
  Reachability: 33e18b67625424e47b6cde6d202dce689ad7af96
  Toast: 91b396c56ee72a5790816f40d3a94dd357abc196
  wifi_info_flutter: 55d4c2469034f5b5c38063ccefa62f708a503a2b

PODFILE CHECKSUM: aafe91acc616949ddb318b77800a7f51bffa2a4c

COCOAPODS: 1.10.1
